
Microsoft Visual Studio Solution File, Format Version 12.00
# Visual Studio 14
VisualStudioVersion = 14.0.25420.1
MinimumVisualStudioVersion = 10.0.40219.1
Project("{FAE04EC0-301F-11D3-BF4B-00C04F79EFBC}") = "MultiserviciosKachePresentacion", "MultiserviciosKache\MultiserviciosKachePresentacion.csproj", "{56531D16-A035-4BB9-9173-5E8F9673C4A3}"
EndProject
Project("{FAE04EC0-301F-11D3-BF4B-00C04F79EFBC}") = "CapaNegocio", "CapaNegocio\CapaNegocio.csproj", "{F269F622-417C-4D18-90BD-9F237CC57265}"
EndProject
Project("{FAE04EC0-301F-11D3-BF4B-00C04F79EFBC}") = "CapaDatos", "CapaDatos\CapaDatos.csproj", "{FA721097-0FDB-4BBE-90A2-CDD9526FD845}"
EndProject
Global
	GlobalSection(SolutionConfigurationPlatforms) = preSolution
		Debug|Any CPU = Debug|Any CPU
		Release|Any CPU = Release|Any CPU
	EndGlobalSection
	GlobalSection(ProjectConfigurationPlatforms) = postSolution
		{56531D16-A035-4BB9-9173-5E8F9673C4A3}.Debug|Any CPU.ActiveCfg = Debug|Any CPU
		{56531D16-A035-4BB9-9173-5E8F9673C4A3}.Debug|Any CPU.Build.0 = Debug|Any CPU
		{56531D16-A035-4BB9-9173-5E8F9673C4A3}.Release|Any CPU.ActiveCfg = Release|Any CPU
		{56531D16-A035-4BB9-9173-5E8F9673C4A3}.Release|Any CPU.Build.0 = Release|Any CPU
		{F269F622-417C-4D18-90BD-9F237CC57265}.Debug|Any CPU.ActiveCfg = Debug|Any CPU
		{F269F622-417C-4D18-90BD-9F237CC57265}.Debug|Any CPU.Build.0 = Debug|Any CPU
		{F269F622-417C-4D18-90BD-9F237CC57265}.Release|Any CPU.ActiveCfg = Release|Any CPU
		{F269F622-417C-4D18-90BD-9F237CC57265}.Release|Any CPU.Build.0 = Release|Any CPU
		{FA721097-0FDB-4BBE-90A2-CDD9526FD845}.Debug|Any CPU.ActiveCfg = Debug|Any CPU
		{FA721097-0FDB-4BBE-90A2-CDD9526FD845}.Debug|Any CPU.Build.0 = Debug|Any CPU
		{FA721097-0FDB-4BBE-90A2-CDD9526FD845}.Release|Any CPU.ActiveCfg = Release|Any CPU
		{FA721097-0FDB-4BBE-90A2-CDD9526FD845}.Release|Any CPU.Build.0 = Release|Any CPU
	EndGlobalSection
	GlobalSection(SolutionProperties) = preSolution
		HideSolutionNode = FALSE
	EndGlobalSection
EndGlobal
